
Microsoft Visual Studio Solution File, Format Version 12.00
# Visual Studio Version 17
VisualStudioVersion = 17.13.35806.99 d17.13
MinimumVisualStudioVersion = 10.0.40219.1
Project("{FAE04EC0-301F-11D3-BF4B-00C04F79EFBC}") = "Guia6", "Guia6.csproj", "{D28B0E61-B36D-4305-A434-25A5549D127C}"
EndProject
Global
	GlobalSection(SolutionConfigurationPlatforms) = preSolution
		Debug|Any CPU = Debug|Any CPU
		Release|Any CPU = Release|Any CPU
	EndGlobalSection
	GlobalSection(ProjectConfigurationPlatforms) = postSolution
		{D28B0E61-B36D-4305-A434-25A5549D127C}.Debug|Any CPU.ActiveCfg = Debug|Any CPU
		{D28B0E61-B36D-4305-A434-25A5549D127C}.Debug|Any CPU.Build.0 = Debug|Any CPU
		{D28B0E61-B36D-4305-A434-25A5549D127C}.Release|Any CPU.ActiveCfg = Release|Any CPU
		{D28B0E61-B36D-4305-A434-25A5549D127C}.Release|Any CPU.Build.0 = Release|Any CPU
	EndGlobalSection
	GlobalSection(SolutionProperties) = preSolution
		HideSolutionNode = FALSE
	EndGlobalSection
	GlobalSection(ExtensibilityGlobals) = postSolution
		SolutionGuid = {E032F543-DDD9-4B04-9253-01D1594D77E0}
	EndGlobalSection
EndGlobal
